
Microsoft Visual Studio Solution File, Format Version 12.00
# Visual Studio Version 16
VisualStudioVersion = 16.0.31019.35
MinimumVisualStudioVersion = 10.0.40219.1
Project("{2150E333-8FDC-42A3-9474-1A3956D46DE8}") = "Domain", "Domain", "{84229594-1921-4A26-BA99-CAD6D35167F5}"
EndProject
Project("{9A19103F-16F7-4668-BE54-9A1E7A4F7556}") = "DesafioKPMG.Domain", "DesafioKPMG.Domain\DesafioKPMG.Domain.csproj", "{4980B2F4-F53D-4230-A10A-4A450538AE68}"
EndProject
Project("{2150E333-8FDC-42A3-9474-1A3956D46DE8}") = "Infra", "Infra", "{021E721B-2FD4-4C1D-B9AB-6185517A469C}"
EndProject
Project("{2150E333-8FDC-42A3-9474-1A3956D46DE8}") = "Data", "Data", "{2DC0CE03-3133-4268-86F9-3F8FB64D0A58}"
EndProject
Project("{9A19103F-16F7-4668-BE54-9A1E7A4F7556}") = "DesafioKPMG.Infra.Data", "DesafioKPMG.Infra.Data\DesafioKPMG.Infra.Data.csproj", "{6D943964-E602-430D-804F-7853FBEA5B40}"
EndProject
Project("{2150E333-8FDC-42A3-9474-1A3956D46DE8}") = "Api", "Api", "{ACAD6887-F7AF-446F-B113-763FE4B6F281}"
EndProject
Project("{9A19103F-16F7-4668-BE54-9A1E7A4F7556}") = "DesafioKPMG.Api", "DesafioKPMG.Api\DesafioKPMG.Api.csproj", "{A490E2F3-A2B6-491A-85BD-6BB8FA659E29}"
EndProject
Project("{2150E333-8FDC-42A3-9474-1A3956D46DE8}") = "Application", "Application", "{1196411E-3353-4ECB-988F-00DA17AD8746}"
EndProject
Project("{9A19103F-16F7-4668-BE54-9A1E7A4F7556}") = "DesafioKPMG.Application", "DesafioKPMG.Application\DesafioKPMG.Application.csproj", "{00FF6BB9-842A-42D4-924A-8F2B24BFEF8D}"
EndProject
Project("{9A19103F-16F7-4668-BE54-9A1E7A4F7556}") = "DesafioKPMG.Domain.Core", "DesafioKPMG.Domain.Core\DesafioKPMG.Domain.Core.csproj", "{6DF9BE33-E917-4965-9FCC-DAA67D53C5CC}"
EndProject
Project("{9A19103F-16F7-4668-BE54-9A1E7A4F7556}") = "DesafioKPMG.Domain.Services", "DesafioKPMG.Domain.Services\DesafioKPMG.Domain.Services.csproj", "{1DEFD33F-8ABA-4E57-84E9-E55DE1C71414}"
EndProject
Project("{2150E333-8FDC-42A3-9474-1A3956D46DE8}") = "CrossCutting", "CrossCutting", "{2A51BEAE-591F-4193-B617-2E7B3A72B173}"
EndProject
Project("{9A19103F-16F7-4668-BE54-9A1E7A4F7556}") = "DesafioKPMG.CrossCutting", "DesafioKPMG.CrossCutting\DesafioKPMG.CrossCutting.csproj", "{D5F961A6-9870-4646-BD93-3808EB9B0D68}"
EndProject
Global
	GlobalSection(SolutionConfigurationPlatforms) = preSolution
		Debug|Any CPU = Debug|Any CPU
		Release|Any CPU = Release|Any CPU
	EndGlobalSection
	GlobalSection(ProjectConfigurationPlatforms) = postSolution
		{4980B2F4-F53D-4230-A10A-4A450538AE68}.Debug|Any CPU.ActiveCfg = Debug|Any CPU
		{4980B2F4-F53D-4230-A10A-4A450538AE68}.Debug|Any CPU.Build.0 = Debug|Any CPU
		{4980B2F4-F53D-4230-A10A-4A450538AE68}.Release|Any CPU.ActiveCfg = Release|Any CPU
		{4980B2F4-F53D-4230-A10A-4A450538AE68}.Release|Any CPU.Build.0 = Release|Any CPU
		{6D943964-E602-430D-804F-7853FBEA5B40}.Debug|Any CPU.ActiveCfg = Debug|Any CPU
		{6D943964-E602-430D-804F-7853FBEA5B40}.Debug|Any CPU.Build.0 = Debug|Any CPU
		{6D943964-E602-430D-804F-7853FBEA5B40}.Release|Any CPU.ActiveCfg = Release|Any CPU
		{6D943964-E602-430D-804F-7853FBEA5B40}.Release|Any CPU.Build.0 = Release|Any CPU
		{A490E2F3-A2B6-491A-85BD-6BB8FA659E29}.Debug|Any CPU.ActiveCfg = Debug|Any CPU
		{A490E2F3-A2B6-491A-85BD-6BB8FA659E29}.Debug|Any CPU.Build.0 = Debug|Any CPU
		{A490E2F3-A2B6-491A-85BD-6BB8FA659E29}.Release|Any CPU.ActiveCfg = Release|Any CPU
		{A490E2F3-A2B6-491A-85BD-6BB8FA659E29}.Release|Any CPU.Build.0 = Release|Any CPU
		{00FF6BB9-842A-42D4-924A-8F2B24BFEF8D}.Debug|Any CPU.ActiveCfg = Debug|Any CPU
		{00FF6BB9-842A-42D4-924A-8F2B24BFEF8D}.Debug|Any CPU.Build.0 = Debug|Any CPU
		{00FF6BB9-842A-42D4-924A-8F2B24BFEF8D}.Release|Any CPU.ActiveCfg = Release|Any CPU
		{00FF6BB9-842A-42D4-924A-8F2B24BFEF8D}.Release|Any CPU.Build.0 = Release|Any CPU
		{6DF9BE33-E917-4965-9FCC-DAA67D53C5CC}.Debug|Any CPU.ActiveCfg = Debug|Any CPU
		{6DF9BE33-E917-4965-9FCC-DAA67D53C5CC}.Debug|Any CPU.Build.0 = Debug|Any CPU
		{6DF9BE33-E917-4965-9FCC-DAA67D53C5CC}.Release|Any CPU.ActiveCfg = Release|Any CPU
		{6DF9BE33-E917-4965-9FCC-DAA67D53C5CC}.Release|Any CPU.Build.0 = Release|Any CPU
		{1DEFD33F-8ABA-4E57-84E9-E55DE1C71414}.Debug|Any CPU.ActiveCfg = Debug|Any CPU
		{1DEFD33F-8ABA-4E57-84E9-E55DE1C71414}.Debug|Any CPU.Build.0 = Debug|Any CPU
		{1DEFD33F-8ABA-4E57-84E9-E55DE1C71414}.Release|Any CPU.ActiveCfg = Release|Any CPU
		{1DEFD33F-8ABA-4E57-84E9-E55DE1C71414}.Release|Any CPU.Build.0 = Release|Any CPU
		{D5F961A6-9870-4646-BD93-3808EB9B0D68}.Debug|Any CPU.ActiveCfg = Debug|Any CPU
		{D5F961A6-9870-4646-BD93-3808EB9B0D68}.Debug|Any CPU.Build.0 = Debug|Any CPU
		{D5F961A6-9870-4646-BD93-3808EB9B0D68}.Release|Any CPU.ActiveCfg = Release|Any CPU
		{D5F961A6-9870-4646-BD93-3808EB9B0D68}.Release|Any CPU.Build.0 = Release|Any CPU
	EndGlobalSection
	GlobalSection(SolutionProperties) = preSolution
		HideSolutionNode = FALSE
	EndGlobalSection
	GlobalSection(NestedProjects) = preSolution
		{4980B2F4-F53D-4230-A10A-4A450538AE68} = {84229594-1921-4A26-BA99-CAD6D35167F5}
		{2DC0CE03-3133-4268-86F9-3F8FB64D0A58} = {021E721B-2FD4-4C1D-B9AB-6185517A469C}
		{6D943964-E602-430D-804F-7853FBEA5B40} = {2DC0CE03-3133-4268-86F9-3F8FB64D0A58}
		{A490E2F3-A2B6-491A-85BD-6BB8FA659E29} = {ACAD6887-F7AF-446F-B113-763FE4B6F281}
		{00FF6BB9-842A-42D4-924A-8F2B24BFEF8D} = {1196411E-3353-4ECB-988F-00DA17AD8746}
		{6DF9BE33-E917-4965-9FCC-DAA67D53C5CC} = {84229594-1921-4A26-BA99-CAD6D35167F5}
		{1DEFD33F-8ABA-4E57-84E9-E55DE1C71414} = {84229594-1921-4A26-BA99-CAD6D35167F5}
		{2A51BEAE-591F-4193-B617-2E7B3A72B173} = {021E721B-2FD4-4C1D-B9AB-6185517A469C}
		{D5F961A6-9870-4646-BD93-3808EB9B0D68} = {2A51BEAE-591F-4193-B617-2E7B3A72B173}
	EndGlobalSection
	GlobalSection(ExtensibilityGlobals) = postSolution
		SolutionGuid = {84164BCA-22B5-421C-9D37-0F93446B799D}
	EndGlobalSection
EndGlobal
